
Microsoft Visual Studio Solution File, Format Version 12.00
# Visual Studio Version 17
VisualStudioVersion = 17.5.33627.172
MinimumVisualStudioVersion = 10.0.40219.1
Project("{FAE04EC0-301F-11D3-BF4B-00C04F79EFBC}") = "DetectorDeCaracteres", "DetectorDeCaracteres.csproj", "{430EC0E0-B2C1-420C-B359-3BD93EE72D7B}"
EndProject
Global
	GlobalSection(SolutionConfigurationPlatforms) = preSolution
		Debug|Any CPU = Debug|Any CPU
		Release|Any CPU = Release|Any CPU
	EndGlobalSection
	GlobalSection(ProjectConfigurationPlatforms) = postSolution
		{430EC0E0-B2C1-420C-B359-3BD93EE72D7B}.Debug|Any CPU.ActiveCfg = Debug|Any CPU
		{430EC0E0-B2C1-420C-B359-3BD93EE72D7B}.Debug|Any CPU.Build.0 = Debug|Any CPU
		{430EC0E0-B2C1-420C-B359-3BD93EE72D7B}.Release|Any CPU.ActiveCfg = Release|Any CPU
		{430EC0E0-B2C1-420C-B359-3BD93EE72D7B}.Release|Any CPU.Build.0 = Release|Any CPU
	EndGlobalSection
	GlobalSection(SolutionProperties) = preSolution
		HideSolutionNode = FALSE
	EndGlobalSection
	GlobalSection(ExtensibilityGlobals) = postSolution
		SolutionGuid = {F0BB64BA-F14C-4D0C-B965-13CD96BAFB7D}
	EndGlobalSection
EndGlobal
